
Microsoft Visual Studio Solution File, Format Version 12.00
# Visual Studio 15
VisualStudioVersion = 15.0.28307.271
MinimumVisualStudioVersion = 10.0.40219.1
Project("{FAE04EC0-301F-11D3-BF4B-00C04F79EFBC}") = "RollingDie", "RollingDie\RollingDie.csproj", "{B68FE669-0433-4B85-9AB5-05C388934AAE}"
EndProject
Global
	GlobalSection(SolutionConfigurationPlatforms) = preSolution
		Debug|Any CPU = Debug|Any CPU
		Release|Any CPU = Release|Any CPU
	EndGlobalSection
	GlobalSection(ProjectConfigurationPlatforms) = postSolution
		{B68FE669-0433-4B85-9AB5-05C388934AAE}.Debug|Any CPU.ActiveCfg = Debug|Any CPU
		{B68FE669-0433-4B85-9AB5-05C388934AAE}.Debug|Any CPU.Build.0 = Debug|Any CPU
		{B68FE669-0433-4B85-9AB5-05C388934AAE}.Release|Any CPU.ActiveCfg = Release|Any CPU
		{B68FE669-0433-4B85-9AB5-05C388934AAE}.Release|Any CPU.Build.0 = Release|Any CPU
	EndGlobalSection
	GlobalSection(SolutionProperties) = preSolution
		HideSolutionNode = FALSE
	EndGlobalSection
	GlobalSection(ExtensibilityGlobals) = postSolution
		SolutionGuid = {284B37C9-8812-453F-B40A-701BFD6A4AAB}
	EndGlobalSection
EndGlobal
